
Microsoft Visual Studio Solution File, Format Version 12.00
# Visual Studio 15
VisualStudioVersion = 15.0.26124.0
MinimumVisualStudioVersion = 15.0.26124.0
Project("{FAE04EC0-301F-11D3-BF4B-00C04F79EFBC}") = "API", "API\API.csproj", "{8282BA1A-DAF5-4D06-ACC1-0E2E4A205599}"
EndProject
Project("{FAE04EC0-301F-11D3-BF4B-00C04F79EFBC}") = "Core", "Core\Core.csproj", "{4B38F326-DA89-4CC6-BB77-72AECADD1E97}"
EndProject
Project("{FAE04EC0-301F-11D3-BF4B-00C04F79EFBC}") = "Infrastructure", "Infrastructure\Infrastructure.csproj", "{24BCED6C-F7F3-4145-8F86-A8A620F0D5A1}"
EndProject
Global
	GlobalSection(SolutionConfigurationPlatforms) = preSolution
		Debug|Any CPU = Debug|Any CPU
		Debug|x64 = Debug|x64
		Debug|x86 = Debug|x86
		Release|Any CPU = Release|Any CPU
		Release|x64 = Release|x64
		Release|x86 = Release|x86
	EndGlobalSection
	GlobalSection(SolutionProperties) = preSolution
		HideSolutionNode = FALSE
	EndGlobalSection
	GlobalSection(ProjectConfigurationPlatforms) = postSolution
		{8282BA1A-DAF5-4D06-ACC1-0E2E4A205599}.Debug|Any CPU.ActiveCfg = Debug|Any CPU
		{8282BA1A-DAF5-4D06-ACC1-0E2E4A205599}.Debug|Any CPU.Build.0 = Debug|Any CPU
		{8282BA1A-DAF5-4D06-ACC1-0E2E4A205599}.Debug|x64.ActiveCfg = Debug|Any CPU
		{8282BA1A-DAF5-4D06-ACC1-0E2E4A205599}.Debug|x64.Build.0 = Debug|Any CPU
		{8282BA1A-DAF5-4D06-ACC1-0E2E4A205599}.Debug|x86.ActiveCfg = Debug|Any CPU
		{8282BA1A-DAF5-4D06-ACC1-0E2E4A205599}.Debug|x86.Build.0 = Debug|Any CPU
		{8282BA1A-DAF5-4D06-ACC1-0E2E4A205599}.Release|Any CPU.ActiveCfg = Release|Any CPU
		{8282BA1A-DAF5-4D06-ACC1-0E2E4A205599}.Release|Any CPU.Build.0 = Release|Any CPU
		{8282BA1A-DAF5-4D06-ACC1-0E2E4A205599}.Release|x64.ActiveCfg = Release|Any CPU
		{8282BA1A-DAF5-4D06-ACC1-0E2E4A205599}.Release|x64.Build.0 = Release|Any CPU
		{8282BA1A-DAF5-4D06-ACC1-0E2E4A205599}.Release|x86.ActiveCfg = Release|Any CPU
		{8282BA1A-DAF5-4D06-ACC1-0E2E4A205599}.Release|x86.Build.0 = Release|Any CPU
		{4B38F326-DA89-4CC6-BB77-72AECADD1E97}.Debug|Any CPU.ActiveCfg = Debug|Any CPU
		{4B38F326-DA89-4CC6-BB77-72AECADD1E97}.Debug|Any CPU.Build.0 = Debug|Any CPU
		{4B38F326-DA89-4CC6-BB77-72AECADD1E97}.Debug|x64.ActiveCfg = Debug|Any CPU
		{4B38F326-DA89-4CC6-BB77-72AECADD1E97}.Debug|x64.Build.0 = Debug|Any CPU
		{4B38F326-DA89-4CC6-BB77-72AECADD1E97}.Debug|x86.ActiveCfg = Debug|Any CPU
		{4B38F326-DA89-4CC6-BB77-72AECADD1E97}.Debug|x86.Build.0 = Debug|Any CPU
		{4B38F326-DA89-4CC6-BB77-72AECADD1E97}.Release|Any CPU.ActiveCfg = Release|Any CPU
		{4B38F326-DA89-4CC6-BB77-72AECADD1E97}.Release|Any CPU.Build.0 = Release|Any CPU
		{4B38F326-DA89-4CC6-BB77-72AECADD1E97}.Release|x64.ActiveCfg = Release|Any CPU
		{4B38F326-DA89-4CC6-BB77-72AECADD1E97}.Release|x64.Build.0 = Release|Any CPU
		{4B38F326-DA89-4CC6-BB77-72AECADD1E97}.Release|x86.ActiveCfg = Release|Any CPU
		{4B38F326-DA89-4CC6-BB77-72AECADD1E97}.Release|x86.Build.0 = Release|Any CPU
		{24BCED6C-F7F3-4145-8F86-A8A620F0D5A1}.Debug|Any CPU.ActiveCfg = Debug|Any CPU
		{24BCED6C-F7F3-4145-8F86-A8A620F0D5A1}.Debug|Any CPU.Build.0 = Debug|Any CPU
		{24BCED6C-F7F3-4145-8F86-A8A620F0D5A1}.Debug|x64.ActiveCfg = Debug|Any CPU
		{24BCED6C-F7F3-4145-8F86-A8A620F0D5A1}.Debug|x64.Build.0 = Debug|Any CPU
		{24BCED6C-F7F3-4145-8F86-A8A620F0D5A1}.Debug|x86.ActiveCfg = Debug|Any CPU
		{24BCED6C-F7F3-4145-8F86-A8A620F0D5A1}.Debug|x86.Build.0 = Debug|Any CPU
		{24BCED6C-F7F3-4145-8F86-A8A620F0D5A1}.Release|Any CPU.ActiveCfg = Release|Any CPU
		{24BCED6C-F7F3-4145-8F86-A8A620F0D5A1}.Release|Any CPU.Build.0 = Release|Any CPU
		{24BCED6C-F7F3-4145-8F86-A8A620F0D5A1}.Release|x64.ActiveCfg = Release|Any CPU
		{24BCED6C-F7F3-4145-8F86-A8A620F0D5A1}.Release|x64.Build.0 = Release|Any CPU
		{24BCED6C-F7F3-4145-8F86-A8A620F0D5A1}.Release|x86.ActiveCfg = Release|Any CPU
		{24BCED6C-F7F3-4145-8F86-A8A620F0D5A1}.Release|x86.Build.0 = Release|Any CPU
	EndGlobalSection
EndGlobal
